
Microsoft Visual Studio Solution File, Format Version 12.00
# Visual Studio Version 16
VisualStudioVersion = 16.0.30204.135
MinimumVisualStudioVersion = 10.0.40219.1
Project("{8BC9CEB8-8B4A-11D0-8D11-00A0C91BC942}") = "RecursiveDream", "RecursiveDream\RecursiveDream.vcxproj", "{214D45B0-CA2C-4A53-9179-A929BC9774A5}"
EndProject
Project("{8BC9CEB8-8B4A-11D0-8D11-00A0C91BC942}") = "TestSfmlRelease", "TestSfmlRelease\TestSfmlRelease.vcxproj", "{D5B8D7F5-DDCA-485B-9970-4199AF2EEFDB}"
EndProject
Global
	GlobalSection(SolutionConfigurationPlatforms) = preSolution
		Debug|x64 = Debug|x64
		Debug|x86 = Debug|x86
		Release|x64 = Release|x64
		Release|x86 = Release|x86
	EndGlobalSection
	GlobalSection(ProjectConfigurationPlatforms) = postSolution
		{214D45B0-CA2C-4A53-9179-A929BC9774A5}.Debug|x64.ActiveCfg = Debug|x64
		{214D45B0-CA2C-4A53-9179-A929BC9774A5}.Debug|x64.Build.0 = Debug|x64
		{214D45B0-CA2C-4A53-9179-A929BC9774A5}.Debug|x86.ActiveCfg = Debug|Win32
		{214D45B0-CA2C-4A53-9179-A929BC9774A5}.Debug|x86.Build.0 = Debug|Win32
		{214D45B0-CA2C-4A53-9179-A929BC9774A5}.Release|x64.ActiveCfg = Release|x64
		{214D45B0-CA2C-4A53-9179-A929BC9774A5}.Release|x64.Build.0 = Release|x64
		{214D45B0-CA2C-4A53-9179-A929BC9774A5}.Release|x86.ActiveCfg = Release|Win32
		{214D45B0-CA2C-4A53-9179-A929BC9774A5}.Release|x86.Build.0 = Release|Win32
		{D5B8D7F5-DDCA-485B-9970-4199AF2EEFDB}.Debug|x64.ActiveCfg = Debug|x64
		{D5B8D7F5-DDCA-485B-9970-4199AF2EEFDB}.Debug|x64.Build.0 = Debug|x64
		{D5B8D7F5-DDCA-485B-9970-4199AF2EEFDB}.Debug|x86.ActiveCfg = Debug|Win32
		{D5B8D7F5-DDCA-485B-9970-4199AF2EEFDB}.Debug|x86.Build.0 = Debug|Win32
		{D5B8D7F5-DDCA-485B-9970-4199AF2EEFDB}.Release|x64.ActiveCfg = Release|x64
		{D5B8D7F5-DDCA-485B-9970-4199AF2EEFDB}.Release|x64.Build.0 = Release|x64
		{D5B8D7F5-DDCA-485B-9970-4199AF2EEFDB}.Release|x86.ActiveCfg = Release|Win32
		{D5B8D7F5-DDCA-485B-9970-4199AF2EEFDB}.Release|x86.Build.0 = Release|Win32
	EndGlobalSection
	GlobalSection(SolutionProperties) = preSolution
		HideSolutionNode = FALSE
	EndGlobalSection
	GlobalSection(ExtensibilityGlobals) = postSolution
		SolutionGuid = {04CE1492-1A3D-44F7-BE99-09AEB13EF745}
	EndGlobalSection
EndGlobal
